
Microsoft Visual Studio Solution File, Format Version 12.00
# Visual Studio 15
VisualStudioVersion = 15.0.28307.779
MinimumVisualStudioVersion = 10.0.40219.1
Project("{FAE04EC0-301F-11D3-BF4B-00C04F79EFBC}") = "Discount_Purchasing_and_Shipping", "Discount_Purchasing_and_Shipping\Discount_Purchasing_and_Shipping.csproj", "{8A955946-2A3B-4BE8-ACA1-B51CC66C2FC8}"
EndProject
Global
	GlobalSection(SolutionConfigurationPlatforms) = preSolution
		Debug|Any CPU = Debug|Any CPU
		Release|Any CPU = Release|Any CPU
	EndGlobalSection
	GlobalSection(ProjectConfigurationPlatforms) = postSolution
		{8A955946-2A3B-4BE8-ACA1-B51CC66C2FC8}.Debug|Any CPU.ActiveCfg = Debug|Any CPU
		{8A955946-2A3B-4BE8-ACA1-B51CC66C2FC8}.Debug|Any CPU.Build.0 = Debug|Any CPU
		{8A955946-2A3B-4BE8-ACA1-B51CC66C2FC8}.Release|Any CPU.ActiveCfg = Release|Any CPU
		{8A955946-2A3B-4BE8-ACA1-B51CC66C2FC8}.Release|Any CPU.Build.0 = Release|Any CPU
	EndGlobalSection
	GlobalSection(SolutionProperties) = preSolution
		HideSolutionNode = FALSE
	EndGlobalSection
	GlobalSection(ExtensibilityGlobals) = postSolution
		SolutionGuid = {2A9B2E67-F054-4D23-BCCE-A5958F8F3734}
	EndGlobalSection
EndGlobal
